// !$*UTF8*$!
{
	archiveVersion = 1;
	classes = {
	};
	objectVersion = 50;
	objects = {

/* Begin PBXBuildFile section */
		DA4CDC6F24519ADD00EF83A6 /* ConversationController.swift in Sources */ = {isa = PBXBuildFile; fileRef = DA4CDC6E24519ADD00EF83A6 /* ConversationController.swift */; };
		DA4CDC722451A26500EF83A6 /* LoginController.swift in Sources */ = {isa = PBXBuildFile; fileRef = DA4CDC712451A26500EF83A6 /* LoginController.swift */; };
		DA4CDC742451A29700EF83A6 /* RegisterationController.swift in Sources */ = {isa = PBXBuildFile; fileRef = DA4CDC732451A29700EF83A6 /* RegisterationController.swift */; };
		DA4CDC762451A4BC00EF83A6 /* Extension.swift in Sources */ = {isa = PBXBuildFile; fileRef = DA4CDC752451A4BC00EF83A6 /* Extension.swift */; };
		DAA2604624519A0F00F621A0 /* AppDelegate.swift in Sources */ = {isa = PBXBuildFile; fileRef = DAA2604524519A0F00F621A0 /* AppDelegate.swift */; };
		DAA2604824519A0F00F621A0 /* SceneDelegate.swift in Sources */ = {isa = PBXBuildFile; fileRef = DAA2604724519A0F00F621A0 /* SceneDelegate.swift */; };
		DAA2604A24519A0F00F621A0 /* ViewController.swift in Sources */ = {isa = PBXBuildFile; fileRef = DAA2604924519A0F00F621A0 /* ViewController.swift */; };
		DAA2604D24519A0F00F621A0 /* Main.storyboard in Resources */ = {isa = PBXBuildFile; fileRef = DAA2604B24519A0F00F621A0 /* Main.storyboard */; };
		DAA2605024519A0F00F621A0 /* dustinChat.xcdatamodeld in Sources */ = {isa = PBXBuildFile; fileRef = DAA2604E24519A0F00F621A0 /* dustinChat.xcdatamodeld */; };
		DAA2605224519A1000F621A0 /* Assets.xcassets in Resources */ = {isa = PBXBuildFile; fileRef = DAA2605124519A1000F621A0 /* Assets.xcassets */; };
		DAA2605524519A1000F621A0 /* LaunchScreen.storyboard in Resources */ = {isa = PBXBuildFile; fileRef = DAA2605324519A1000F621A0 /* LaunchScreen.storyboard */; };
/* End PBXBuildFile section */

/* Begin PBXFileReference section */
		DA4CDC6E24519ADD00EF83A6 /* ConversationController.swift */ = {isa = PBXFileReference; lastKnownFileType = sourcecode.swift; path = ConversationController.swift; sourceTree = "<group>"; };
		DA4CDC712451A26500EF83A6 /* LoginController.swift */ = {isa = PBXFileReference; lastKnownFileType = sourcecode.swift; path = LoginController.swift; sourceTree = "<group>"; };
		DA4CDC732451A29700EF83A6 /* RegisterationController.swift */ = {isa = PBXFileReference; lastKnownFileType = sourcecode.swift; path = RegisterationController.swift; sourceTree = "<group>"; };
		DA4CDC752451A4BC00EF83A6 /* Extension.swift */ = {isa = PBXFileReference; lastKnownFileType = sourcecode.swift; path = Extension.swift; sourceTree = "<group>"; };
		DAA2604224519A0F00F621A0 /* dustinChat.app */ = {isa = PBXFileReference; explicitFileType = wrapper.application; includeInIndex = 0; path = dustinChat.app; sourceTree = BUILT_PRODUCTS_DIR; };
		DAA2604524519A0F00F621A0 /* AppDelegate.swift */ = {isa = PBXFileReference; lastKnownFileType = sourcecode.swift; path = AppDelegate.swift; sourceTree = "<group>"; };
		DAA2604724519A0F00F621A0 /* SceneDelegate.swift */ = {isa = PBXFileReference; lastKnownFileType = sourcecode.swift; path = SceneDelegate.swift; sourceTree = "<group>"; };
		DAA2604924519A0F00F621A0 /* ViewController.swift */ = {isa = PBXFileReference; lastKnownFileType = sourcecode.swift; path = ViewController.swift; sourceTree = "<group>"; };
		DAA2604C24519A0F00F621A0 /* Base */ = {isa = PBXFileReference; lastKnownFileType = file.storyboard; name = Base; path = Base.lproj/Main.storyboard; sourceTree = "<group>"; };
		DAA2604F24519A0F00F621A0 /* dustinChat.xcdatamodel */ = {isa = PBXFileReference; lastKnownFileType = wrapper.xcdatamodel; path = dustinChat.xcdatamodel; sourceTree = "<group>"; };
		DAA2605124519A1000F621A0 /* Assets.xcassets */ = {isa = PBXFileReference; lastKnownFileType = folder.assetcatalog; path = Assets.xcassets; sourceTree = "<group>"; };
		DAA2605424519A1000F621A0 /* Base */ = {isa = PBXFileReference; lastKnownFileType = file.storyboard; name = Base; path = Base.lproj/LaunchScreen.storyboard; sourceTree = "<group>"; };
		DAA2605624519A1000F621A0 /* Info.plist */ = {isa = PBXFileReference; lastKnownFileType = text.plist.xml; path = Info.plist; sourceTree = "<group>"; };
/* End PBXFileReference section */

/* Begin PBXFrameworksBuildPhase section */
		DAA2603F24519A0F00F621A0 /* Frameworks */ = {
			isa = PBXFrameworksBuildPhase;
			buildActionMask = 2147483647;
			files = (
			);
			runOnlyForDeploymentPostprocessing = 0;
		};
/* End PBXFrameworksBuildPhase section */

/* Begin PBXGroup section */
		DA4CDC6624519A2000EF83A6 /* API */ = {
			isa = PBXGroup;
			children = (
			);
			path = API;
			sourceTree = "<group>";
		};
		DA4CDC6824519A2D00EF83A6 /* Controller */ = {
			isa = PBXGroup;
			children = (
				DA4CDC702451A25400EF83A6 /* Authentication */,
				DA4CDC6E24519ADD00EF83A6 /* ConversationController.swift */,
			);
			path = Controller;
			sourceTree = "<group>";
		};
		DA4CDC6924519A2F00EF83A6 /* ViewModel */ = {
			isa = PBXGroup;
			children = (
			);
			path = ViewModel;
			sourceTree = "<group>";
		};
		DA4CDC6A24519A3300EF83A6 /* View */ = {
			isa = PBXGroup;
			children = (
			);
			path = View;
			sourceTree = "<group>";
		};
		DA4CDC6C24519A3D00EF83A6 /* Model */ = {
			isa = PBXGroup;
			children = (
			);
			path = Model;
			sourceTree = "<group>";
		};
		DA4CDC6D24519AC700EF83A6 /* Utils */ = {
			isa = PBXGroup;
			children = (
				DA4CDC752451A4BC00EF83A6 /* Extension.swift */,
			);
			path = Utils;
			sourceTree = "<group>";
		};
		DA4CDC702451A25400EF83A6 /* Authentication */ = {
			isa = PBXGroup;
			children = (
				DA4CDC712451A26500EF83A6 /* LoginController.swift */,
				DA4CDC732451A29700EF83A6 /* RegisterationController.swift */,
			);
			path = Authentication;
			sourceTree = "<group>";
		};
		DAA2603924519A0F00F621A0 = {
			isa = PBXGroup;
			children = (
				DAA2604424519A0F00F621A0 /* dustinChat */,
				DAA2604324519A0F00F621A0 /* Products */,
			);
			sourceTree = "<group>";
		};
		DAA2604324519A0F00F621A0 /* Products */ = {
			isa = PBXGroup;
			children = (
				DAA2604224519A0F00F621A0 /* dustinChat.app */,
			);
			name = Products;
			sourceTree = "<group>";
		};
		DAA2604424519A0F00F621A0 /* dustinChat */ = {
			isa = PBXGroup;
			children = (
				DA4CDC6D24519AC700EF83A6 /* Utils */,
				DA4CDC6C24519A3D00EF83A6 /* Model */,
				DA4CDC6A24519A3300EF83A6 /* View */,
				DA4CDC6924519A2F00EF83A6 /* ViewModel */,
				DA4CDC6824519A2D00EF83A6 /* Controller */,
				DA4CDC6624519A2000EF83A6 /* API */,
				DAA2604524519A0F00F621A0 /* AppDelegate.swift */,
				DAA2604724519A0F00F621A0 /* SceneDelegate.swift */,
				DAA2604924519A0F00F621A0 /* ViewController.swift */,
				DAA2604B24519A0F00F621A0 /* Main.storyboard */,
				DAA2605124519A1000F621A0 /* Assets.xcassets */,
				DAA2605324519A1000F621A0 /* LaunchScreen.storyboard */,
				DAA2605624519A1000F621A0 /* Info.plist */,
				DAA2604E24519A0F00F621A0 /* dustinChat.xcdatamodeld */,
			);
			path = dustinChat;
			sourceTree = "<group>";
		};
/* End PBXGroup section */

/* Begin PBXNativeTarget section */
		DAA2604124519A0F00F621A0 /* dustinChat */ = {
			isa = PBXNativeTarget;
			buildConfigurationList = DAA2605924519A1000F621A0 /* Build configuration list for PBXNativeTarget "dustinChat" */;
			buildPhases = (
				DAA2603E24519A0F00F621A0 /* Sources */,
				DAA2603F24519A0F00F621A0 /* Frameworks */,
				DAA2604024519A0F00F621A0 /* Resources */,
			);
			buildRules = (
			);
			dependencies = (
			);
			name = dustinChat;
			productName = dustinChat;
			productReference = DAA2604224519A0F00F621A0 /* dustinChat.app */;
			productType = "com.apple.product-type.application";
		};
/* End PBXNativeTarget section */

/* Begin PBXProject section */
		DAA2603A24519A0F00F621A0 /* Project object */ = {
			isa = PBXProject;
			attributes = {
				LastSwiftUpdateCheck = 1140;
				LastUpgradeCheck = 1140;
				ORGANIZATIONNAME = Dustin;
				TargetAttributes = {
					DAA2604124519A0F00F621A0 = {
						CreatedOnToolsVersion = 11.4.1;
					};
				};
			};
			buildConfigurationList = DAA2603D24519A0F00F621A0 /* Build configuration list for PBXProject "dustinChat" */;
			compatibilityVersion = "Xcode 9.3";
			developmentRegion = en;
			hasScannedForEncodings = 0;
			knownRegions = (
				en,
				Base,
			);
			mainGroup = DAA2603924519A0F00F621A0;
			productRefGroup = DAA2604324519A0F00F621A0 /* Products */;
			projectDirPath = "";
			projectRoot = "";
			targets = (
				DAA2604124519A0F00F621A0 /* dustinChat */,
			);
		};
/* End PBXProject section */

/* Begin PBXResourcesBuildPhase section */
		DAA2604024519A0F00F621A0 /* Resources */ = {
			isa = PBXResourcesBuildPhase;
			buildActionMask = 2147483647;
			files = (
				DAA2605524519A1000F621A0 /* LaunchScreen.storyboard in Resources */,
				DAA2605224519A1000F621A0 /* Assets.xcassets in Resources */,
				DAA2604D24519A0F00F621A0 /* Main.storyboard in Resources */,
			);
			runOnlyForDeploymentPostprocessing = 0;
		};
/* End PBXResourcesBuildPhase section */

/* Begin PBXSourcesBuildPhase section */
		DAA2603E24519A0F00F621A0 /* Sources */ = {
			isa = PBXSourcesBuildPhase;
			buildActionMask = 2147483647;
			files = (
				DAA2604A24519A0F00F621A0 /* ViewController.swift in Sources */,
				DA4CDC722451A26500EF83A6 /* LoginController.swift in Sources */,
				DA4CDC6F24519ADD00EF83A6 /* ConversationController.swift in Sources */,
				DAA2604624519A0F00F621A0 /* AppDelegate.swift in Sources */,
				DA4CDC742451A29700EF83A6 /* RegisterationController.swift in Sources */,
				DAA2605024519A0F00F621A0 /* dustinChat.xcdatamodeld in Sources */,
				DAA2604824519A0F00F621A0 /* SceneDelegate.swift in Sources */,
				DA4CDC762451A4BC00EF83A6 /* Extension.swift in Sources */,
			);
			runOnlyForDeploymentPostprocessing = 0;
		};
/* End PBXSourcesBuildPhase section */

/* Begin PBXVariantGroup section */
		DAA2604B24519A0F00F621A0 /* Main.storyboard */ = {
			isa = PBXVariantGroup;
			children = (
				DAA2604C24519A0F00F621A0 /* Base */,
			);
			name = Main.storyboard;
			sourceTree = "<group>";
		};
		DAA2605324519A1000F621A0 /* LaunchScreen.storyboard */ = {
			isa = PBXVariantGroup;
			children = (
				DAA2605424519A1000F621A0 /* Base */,
			);
			name = LaunchScreen.storyboard;
			sourceTree = "<group>";
		};
/* End PBXVariantGroup section */

/* Begin XCBuildConfiguration section */
		DAA2605724519A1000F621A0 /* Debug */ = {
			isa = XCBuildConfiguration;
			buildSettings = {
				ALWAYS_SEARCH_USER_PATHS = NO;
				CLANG_ANALYZER_NONNULL = YES;
				CLANG_ANALYZER_NUMBER_OBJECT_CONVERSION = YES_AGGRESSIVE;
				CLANG_CXX_LANGUAGE_STANDARD = "gnu++14";
				CLANG_CXX_LIBRARY = "libc++";
				CLANG_ENABLE_MODULES = YES;
				CLANG_ENABLE_OBJC_ARC = YES;
				CLANG_ENABLE_OBJC_WEAK = YES;
				CLANG_WARN_BLOCK_CAPTURE_AUTORELEASING = YES;
				CLANG_WARN_BOOL_CONVERSION = YES;
				CLANG_WARN_COMMA = YES;
				CLANG_WARN_CONSTANT_CONVERSION = YES;
				CLANG_WARN_DEPRECATED_OBJC_IMPLEMENTATIONS = YES;
				CLANG_WARN_DIRECT_OBJC_ISA_USAGE = YES_ERROR;
				CLANG_WARN_DOCUMENTATION_COMMENTS = YES;
				CLANG_WARN_EMPTY_BODY = YES;
				CLANG_WARN_ENUM_CONVERSION = YES;
				CLANG_WARN_INFINITE_RECURSION = YES;
				CLANG_WARN_INT_CONVERSION = YES;
				CLANG_WARN_NON_LITERAL_NULL_CONVERSION = YES;
				CLANG_WARN_OBJC_IMPLICIT_RETAIN_SELF = YES;
				CLANG_WARN_OBJC_LITERAL_CONVERSION = YES;
				CLANG_WARN_OBJC_ROOT_CLASS = YES_ERROR;
				CLANG_WARN_RANGE_LOOP_ANALYSIS = YES;
				CLANG_WARN_STRICT_PROTOTYPES = YES;
				CLANG_WARN_SUSPICIOUS_MOVE = YES;
				CLANG_WARN_UNGUARDED_AVAILABILITY = YES_AGGRESSIVE;
				CLANG_WARN_UNREACHABLE_CODE = YES;
				CLANG_WARN__DUPLICATE_METHOD_MATCH = YES;
				COPY_PHASE_STRIP = NO;
				DEBUG_INFORMATION_FORMAT = dwarf;
				ENABLE_STRICT_OBJC_MSGSEND = YES;
				ENABLE_TESTABILITY = YES;
				GCC_C_LANGUAGE_STANDARD = gnu11;
				GCC_DYNAMIC_NO_PIC = NO;
				GCC_NO_COMMON_BLOCKS = YES;
				GCC_OPTIMIZATION_LEVEL = 0;
				GCC_PREPROCESSOR_DEFINITIONS = (
					"DEBUG=1",
					"$(inherited)",
				);
				GCC_WARN_64_TO_32_BIT_CONVERSION = YES;
				GCC_WARN_ABOUT_RETURN_TYPE = YES_ERROR;
				GCC_WARN_UNDECLARED_SELECTOR = YES;
				GCC_WARN_UNINITIALIZED_AUTOS = YES_AGGRESSIVE;
				GCC_WARN_UNUSED_FUNCTION = YES;
				GCC_WARN_UNUSED_VARIABLE = YES;
				IPHONEOS_DEPLOYMENT_TARGET = 13.4;
				MTL_ENABLE_DEBUG_INFO = INCLUDE_SOURCE;
				MTL_FAST_MATH = YES;
				ONLY_ACTIVE_ARCH = YES;
				SDKROOT = iphoneos;
				SWIFT_ACTIVE_COMPILATION_CONDITIONS = DEBUG;
				SWIFT_OPTIMIZATION_LEVEL = "-Onone";
			};
			name = Debug;
		};
		DAA2605824519A1000F621A0 /* Release */ = {
			isa = XCBuildConfiguration;
			buildSettings = {
				ALWAYS_SEARCH_USER_PATHS = NO;
				CLANG_ANALYZER_NONNULL = YES;
				CLANG_ANALYZER_NUMBER_OBJECT_CONVERSION = YES_AGGRESSIVE;
				CLANG_CXX_LANGUAGE_STANDARD = "gnu++14";
				CLANG_CXX_LIBRARY = "libc++";
				CLANG_ENABLE_MODULES = YES;
				CLANG_ENABLE_OBJC_ARC = YES;
				CLANG_ENABLE_OBJC_WEAK = YES;
				CLANG_WARN_BLOCK_CAPTURE_AUTORELEASING = YES;
				CLANG_WARN_BOOL_CONVERSION = YES;
				CLANG_WARN_COMMA = YES;
				CLANG_WARN_CONSTANT_CONVERSION = YES;
				CLANG_WARN_DEPRECATED_OBJC_IMPLEMENTATIONS = YES;
				CLANG_WARN_DIRECT_OBJC_ISA_USAGE = YES_ERROR;
				CLANG_WARN_DOCUMENTATION_COMMENTS = YES;
				CLANG_WARN_EMPTY_BODY = YES;
				CLANG_WARN_ENUM_CONVERSION = YES;
				CLANG_WARN_INFINITE_RECURSION = YES;
				CLANG_WARN_INT_CONVERSION = YES;
				CLANG_WARN_NON_LITERAL_NULL_CONVERSION = YES;
				CLANG_WARN_OBJC_IMPLICIT_RETAIN_SELF = YES;
				CLANG_WARN_OBJC_LITERAL_CONVERSION = YES;
				CLANG_WARN_OBJC_ROOT_CLASS = YES_ERROR;
				CLANG_WARN_RANGE_LOOP_ANALYSIS = YES;
				CLANG_WARN_STRICT_PROTOTYPES = YES;
				CLANG_WARN_SUSPICIOUS_MOVE = YES;
				CLANG_WARN_UNGUARDED_AVAILABILITY = YES_AGGRESSIVE;
				CLANG_WARN_UNREACHABLE_CODE = YES;
				CLANG_WARN__DUPLICATE_METHOD_MATCH = YES;
				COPY_PHASE_STRIP = NO;
				DEBUG_INFORMATION_FORMAT = "dwarf-with-dsym";
				ENABLE_NS_ASSERTIONS = NO;
				ENABLE_STRICT_OBJC_MSGSEND = YES;
				GCC_C_LANGUAGE_STANDARD = gnu11;
				GCC_NO_COMMON_BLOCKS = YES;
				GCC_WARN_64_TO_32_BIT_CONVERSION = YES;
				GCC_WARN_ABOUT_RETURN_TYPE = YES_ERROR;
				GCC_WARN_UNDECLARED_SELECTOR = YES;
				GCC_WARN_UNINITIALIZED_AUTOS = YES_AGGRESSIVE;
				GCC_WARN_UNUSED_FUNCTION = YES;
				GCC_WARN_UNUSED_VARIABLE = YES;
				IPHONEOS_DEPLOYMENT_TARGET = 13.4;
				MTL_ENABLE_DEBUG_INFO = NO;
				MTL_FAST_MATH = YES;
				SDKROOT = iphoneos;
				SWIFT_COMPILATION_MODE = wholemodule;
				SWIFT_OPTIMIZATION_LEVEL = "-O";
				VALIDATE_PRODUCT = YES;
			};
			name = Release;
		};
		DAA2605A24519A1000F621A0 /* Debug */ = {
			isa = XCBuildConfiguration;
			buildSettings = {
				ASSETCATALOG_COMPILER_APPICON_NAME = AppIcon;
				CODE_SIGN_STYLE = Automatic;
				DEVELOPMENT_TEAM = 3VT454RG8M;
				INFOPLIST_FILE = dustinChat/Info.plist;
				LD_RUNPATH_SEARCH_PATHS = (
					"$(inherited)",
					"@executable_path/Frameworks",
				);
				PRODUCT_BUNDLE_IDENTIFIER = com.Dustin.dustinChat;
				PRODUCT_NAME = "$(TARGET_NAME)";
				SWIFT_VERSION = 5.0;
				TARGETED_DEVICE_FAMILY = "1,2";
			};
			name = Debug;
		};
		DAA2605B24519A1000F621A0 /* Release */ = {
			isa = XCBuildConfiguration;
			buildSettings = {
				ASSETCATALOG_COMPILER_APPICON_NAME = AppIcon;
				CODE_SIGN_STYLE = Automatic;
				DEVELOPMENT_TEAM = 3VT454RG8M;
				INFOPLIST_FILE = dustinChat/Info.plist;
				LD_RUNPATH_SEARCH_PATHS = (
					"$(inherited)",
					"@executable_path/Frameworks",
				);
				PRODUCT_BUNDLE_IDENTIFIER = com.Dustin.dustinChat;
				PRODUCT_NAME = "$(TARGET_NAME)";
				SWIFT_VERSION = 5.0;
				TARGETED_DEVICE_FAMILY = "1,2";
			};
			name = Release;
		};
/* End XCBuildConfiguration section */

/* Begin XCConfigurationList section */
		DAA2603D24519A0F00F621A0 /* Build configuration list for PBXProject "dustinChat" */ = {
			isa = XCConfigurationList;
			buildConfigurations = (
				DAA2605724519A1000F621A0 /* Debug */,
				DAA2605824519A1000F621A0 /* Release */,
			);
			defaultConfigurationIsVisible = 0;
			defaultConfigurationName = Release;
		};
		DAA2605924519A1000F621A0 /* Build configuration list for PBXNativeTarget "dustinChat" */ = {
			isa = XCConfigurationList;
			buildConfigurations = (
				DAA2605A24519A1000F621A0 /* Debug */,
				DAA2605B24519A1000F621A0 /* Release */,
			);
			defaultConfigurationIsVisible = 0;
			defaultConfigurationName = Release;
		};
/* End XCConfigurationList section */

/* Begin XCVersionGroup section */
		DAA2604E24519A0F00F621A0 /* dustinChat.xcdatamodeld */ = {
			isa = XCVersionGroup;
			children = (
				DAA2604F24519A0F00F621A0 /* dustinChat.xcdatamodel */,
			);
			currentVersion = DAA2604F24519A0F00F621A0 /* dustinChat.xcdatamodel */;
			path = dustinChat.xcdatamodeld;
			sourceTree = "<group>";
			versionGroupType = wrapper.xcdatamodel;
		};
/* End XCVersionGroup section */
	};
	rootObject = DAA2603A24519A0F00F621A0 /* Project object */;
}
