// !$*UTF8*$!
{
	archiveVersion = 1;
	classes = {
	};
	objectVersion = 51;
	objects = {

/* Begin PBXBuildFile section */
		73E97492AFC7FE42E1385128 /* Pods_dustinChat.framework in Frameworks */ = {isa = PBXBuildFile; fileRef = BECEDB409DCA9E5B1C2CD6B3 /* Pods_dustinChat.framework */; };
		DA24E97C245285E100E802A4 /* InputContainerView.swift in Sources */ = {isa = PBXBuildFile; fileRef = DA24E97B245285E100E802A4 /* InputContainerView.swift */; };
		DA24E97E24528A0A00E802A4 /* CustomTextField.swift in Sources */ = {isa = PBXBuildFile; fileRef = DA24E97D24528A0A00E802A4 /* CustomTextField.swift */; };
		DA4CDC6F24519ADD00EF83A6 /* ConversationController.swift in Sources */ = {isa = PBXBuildFile; fileRef = DA4CDC6E24519ADD00EF83A6 /* ConversationController.swift */; };
		DA4CDC722451A26500EF83A6 /* LoginController.swift in Sources */ = {isa = PBXBuildFile; fileRef = DA4CDC712451A26500EF83A6 /* LoginController.swift */; };
		DA4CDC742451A29700EF83A6 /* RegisterationController.swift in Sources */ = {isa = PBXBuildFile; fileRef = DA4CDC732451A29700EF83A6 /* RegisterationController.swift */; };
		DA4CDC762451A4BC00EF83A6 /* Extension.swift in Sources */ = {isa = PBXBuildFile; fileRef = DA4CDC752451A4BC00EF83A6 /* Extension.swift */; };
		DA56C8342452E6410075C9C0 /* LoginViewModel.swift in Sources */ = {isa = PBXBuildFile; fileRef = DA56C8332452E6410075C9C0 /* LoginViewModel.swift */; };
		DA56C8362452EE900075C9C0 /* RegisterationViewModel.swift in Sources */ = {isa = PBXBuildFile; fileRef = DA56C8352452EE900075C9C0 /* RegisterationViewModel.swift */; };
		DA56C8382452FCF80075C9C0 /* GoogleService-Info.plist in Resources */ = {isa = PBXBuildFile; fileRef = DA56C8372452FCF80075C9C0 /* GoogleService-Info.plist */; };
		DA67F7C224595CEA008A6871 /* profileHeader.swift in Sources */ = {isa = PBXBuildFile; fileRef = DA67F7C124595CEA008A6871 /* profileHeader.swift */; };
		DA67F7C424596ADB008A6871 /* ProfileViewModel.swift in Sources */ = {isa = PBXBuildFile; fileRef = DA67F7C324596ADB008A6871 /* ProfileViewModel.swift */; };
		DA67F7C624596C32008A6871 /* ProfileCell.swift in Sources */ = {isa = PBXBuildFile; fileRef = DA67F7C524596C32008A6871 /* ProfileCell.swift */; };
		DA67F7C824597350008A6871 /* ProfileFooter.swift in Sources */ = {isa = PBXBuildFile; fileRef = DA67F7C724597350008A6871 /* ProfileFooter.swift */; };
		DA6B8E2E2453CD0100913BCA /* AuthService.swift in Sources */ = {isa = PBXBuildFile; fileRef = DA6B8E2D2453CD0100913BCA /* AuthService.swift */; };
		DA7F98A5245951DF0006A2E4 /* ConversationCell.swift in Sources */ = {isa = PBXBuildFile; fileRef = DA7F98A4245951DF0006A2E4 /* ConversationCell.swift */; };
		DA7F98A72459584C0006A2E4 /* ConversationViewModel.swift in Sources */ = {isa = PBXBuildFile; fileRef = DA7F98A62459584C0006A2E4 /* ConversationViewModel.swift */; };
		DA7F98A924595B310006A2E4 /* profileController.swift in Sources */ = {isa = PBXBuildFile; fileRef = DA7F98A824595B310006A2E4 /* profileController.swift */; };
		DA8357A62456B6D800F58C05 /* NewMessageController.swift in Sources */ = {isa = PBXBuildFile; fileRef = DA8357A52456B6D800F58C05 /* NewMessageController.swift */; };
		DA8357A82456BA4000F58C05 /* UserCell.swift in Sources */ = {isa = PBXBuildFile; fileRef = DA8357A72456BA4000F58C05 /* UserCell.swift */; };
		DA8357AA2456BE0100F58C05 /* User.swift in Sources */ = {isa = PBXBuildFile; fileRef = DA8357A92456BE0100F58C05 /* User.swift */; };
		DA8357AC2456BE6700F58C05 /* Service.swift in Sources */ = {isa = PBXBuildFile; fileRef = DA8357AB2456BE6700F58C05 /* Service.swift */; };
		DA8357AE2456C8B100F58C05 /* ChatController.swift in Sources */ = {isa = PBXBuildFile; fileRef = DA8357AD2456C8B100F58C05 /* ChatController.swift */; };
		DA8357B02456CD8E00F58C05 /* CustomInputAccessroyView.swift in Sources */ = {isa = PBXBuildFile; fileRef = DA8357AF2456CD8E00F58C05 /* CustomInputAccessroyView.swift */; };
		DA8357B22457C13700F58C05 /* MessageCell.swift in Sources */ = {isa = PBXBuildFile; fileRef = DA8357B12457C13700F58C05 /* MessageCell.swift */; };
		DA8357B42457C4F000F58C05 /* Message.swift in Sources */ = {isa = PBXBuildFile; fileRef = DA8357B32457C4F000F58C05 /* Message.swift */; };
		DA8357B62457C9D000F58C05 /* MessageViewModel.swift in Sources */ = {isa = PBXBuildFile; fileRef = DA8357B52457C9D000F58C05 /* MessageViewModel.swift */; };
		DA8357B82457F04300F58C05 /* Constatns.swift in Sources */ = {isa = PBXBuildFile; fileRef = DA8357B72457F04300F58C05 /* Constatns.swift */; };
		DAA2604624519A0F00F621A0 /* AppDelegate.swift in Sources */ = {isa = PBXBuildFile; fileRef = DAA2604524519A0F00F621A0 /* AppDelegate.swift */; };
		DAA2604824519A0F00F621A0 /* SceneDelegate.swift in Sources */ = {isa = PBXBuildFile; fileRef = DAA2604724519A0F00F621A0 /* SceneDelegate.swift */; };
		DAA2604A24519A0F00F621A0 /* ViewController.swift in Sources */ = {isa = PBXBuildFile; fileRef = DAA2604924519A0F00F621A0 /* ViewController.swift */; };
		DAA2604D24519A0F00F621A0 /* Main.storyboard in Resources */ = {isa = PBXBuildFile; fileRef = DAA2604B24519A0F00F621A0 /* Main.storyboard */; };
		DAA2605024519A0F00F621A0 /* dustinChat.xcdatamodeld in Sources */ = {isa = PBXBuildFile; fileRef = DAA2604E24519A0F00F621A0 /* dustinChat.xcdatamodeld */; };
		DAA2605224519A1000F621A0 /* Assets.xcassets in Resources */ = {isa = PBXBuildFile; fileRef = DAA2605124519A1000F621A0 /* Assets.xcassets */; };
		DAA2605524519A1000F621A0 /* LaunchScreen.storyboard in Resources */ = {isa = PBXBuildFile; fileRef = DAA2605324519A1000F621A0 /* LaunchScreen.storyboard */; };
/* End PBXBuildFile section */

/* Begin PBXFileReference section */
		551DF5C2C5C4D1A6FA490668 /* Pods-dustinChat.debug.xcconfig */ = {isa = PBXFileReference; includeInIndex = 1; lastKnownFileType = text.xcconfig; name = "Pods-dustinChat.debug.xcconfig"; path = "Target Support Files/Pods-dustinChat/Pods-dustinChat.debug.xcconfig"; sourceTree = "<group>"; };
		BECEDB409DCA9E5B1C2CD6B3 /* Pods_dustinChat.framework */ = {isa = PBXFileReference; explicitFileType = wrapper.framework; includeInIndex = 0; path = Pods_dustinChat.framework; sourceTree = BUILT_PRODUCTS_DIR; };
		DA24E97B245285E100E802A4 /* InputContainerView.swift */ = {isa = PBXFileReference; lastKnownFileType = sourcecode.swift; path = InputContainerView.swift; sourceTree = "<group>"; };
		DA24E97D24528A0A00E802A4 /* CustomTextField.swift */ = {isa = PBXFileReference; lastKnownFileType = sourcecode.swift; path = CustomTextField.swift; sourceTree = "<group>"; };
		DA4CDC6E24519ADD00EF83A6 /* ConversationController.swift */ = {isa = PBXFileReference; lastKnownFileType = sourcecode.swift; path = ConversationController.swift; sourceTree = "<group>"; };
		DA4CDC712451A26500EF83A6 /* LoginController.swift */ = {isa = PBXFileReference; lastKnownFileType = sourcecode.swift; path = LoginController.swift; sourceTree = "<group>"; };
		DA4CDC732451A29700EF83A6 /* RegisterationController.swift */ = {isa = PBXFileReference; lastKnownFileType = sourcecode.swift; path = RegisterationController.swift; sourceTree = "<group>"; };
		DA4CDC752451A4BC00EF83A6 /* Extension.swift */ = {isa = PBXFileReference; lastKnownFileType = sourcecode.swift; path = Extension.swift; sourceTree = "<group>"; };
		DA56C8332452E6410075C9C0 /* LoginViewModel.swift */ = {isa = PBXFileReference; lastKnownFileType = sourcecode.swift; path = LoginViewModel.swift; sourceTree = "<group>"; };
		DA56C8352452EE900075C9C0 /* RegisterationViewModel.swift */ = {isa = PBXFileReference; lastKnownFileType = sourcecode.swift; path = RegisterationViewModel.swift; sourceTree = "<group>"; };
		DA56C8372452FCF80075C9C0 /* GoogleService-Info.plist */ = {isa = PBXFileReference; fileEncoding = 4; lastKnownFileType = text.plist.xml; path = "GoogleService-Info.plist"; sourceTree = "<group>"; };
		DA67F7C124595CEA008A6871 /* profileHeader.swift */ = {isa = PBXFileReference; lastKnownFileType = sourcecode.swift; path = profileHeader.swift; sourceTree = "<group>"; };
		DA67F7C324596ADB008A6871 /* ProfileViewModel.swift */ = {isa = PBXFileReference; lastKnownFileType = sourcecode.swift; path = ProfileViewModel.swift; sourceTree = "<group>"; };
		DA67F7C524596C32008A6871 /* ProfileCell.swift */ = {isa = PBXFileReference; lastKnownFileType = sourcecode.swift; path = ProfileCell.swift; sourceTree = "<group>"; };
		DA67F7C724597350008A6871 /* ProfileFooter.swift */ = {isa = PBXFileReference; lastKnownFileType = sourcecode.swift; path = ProfileFooter.swift; sourceTree = "<group>"; };
		DA6B8E2D2453CD0100913BCA /* AuthService.swift */ = {isa = PBXFileReference; lastKnownFileType = sourcecode.swift; path = AuthService.swift; sourceTree = "<group>"; };
		DA7F98A4245951DF0006A2E4 /* ConversationCell.swift */ = {isa = PBXFileReference; lastKnownFileType = sourcecode.swift; path = ConversationCell.swift; sourceTree = "<group>"; };
		DA7F98A62459584C0006A2E4 /* ConversationViewModel.swift */ = {isa = PBXFileReference; lastKnownFileType = sourcecode.swift; path = ConversationViewModel.swift; sourceTree = "<group>"; };
		DA7F98A824595B310006A2E4 /* profileController.swift */ = {isa = PBXFileReference; lastKnownFileType = sourcecode.swift; path = profileController.swift; sourceTree = "<group>"; };
		DA8357A52456B6D800F58C05 /* NewMessageController.swift */ = {isa = PBXFileReference; lastKnownFileType = sourcecode.swift; path = NewMessageController.swift; sourceTree = "<group>"; };
		DA8357A72456BA4000F58C05 /* UserCell.swift */ = {isa = PBXFileReference; lastKnownFileType = sourcecode.swift; path = UserCell.swift; sourceTree = "<group>"; };
		DA8357A92456BE0100F58C05 /* User.swift */ = {isa = PBXFileReference; lastKnownFileType = sourcecode.swift; path = User.swift; sourceTree = "<group>"; };
		DA8357AB2456BE6700F58C05 /* Service.swift */ = {isa = PBXFileReference; lastKnownFileType = sourcecode.swift; path = Service.swift; sourceTree = "<group>"; };
		DA8357AD2456C8B100F58C05 /* ChatController.swift */ = {isa = PBXFileReference; lastKnownFileType = sourcecode.swift; path = ChatController.swift; sourceTree = "<group>"; };
		DA8357AF2456CD8E00F58C05 /* CustomInputAccessroyView.swift */ = {isa = PBXFileReference; lastKnownFileType = sourcecode.swift; path = CustomInputAccessroyView.swift; sourceTree = "<group>"; };
		DA8357B12457C13700F58C05 /* MessageCell.swift */ = {isa = PBXFileReference; lastKnownFileType = sourcecode.swift; path = MessageCell.swift; sourceTree = "<group>"; };
		DA8357B32457C4F000F58C05 /* Message.swift */ = {isa = PBXFileReference; lastKnownFileType = sourcecode.swift; path = Message.swift; sourceTree = "<group>"; };
		DA8357B52457C9D000F58C05 /* MessageViewModel.swift */ = {isa = PBXFileReference; lastKnownFileType = sourcecode.swift; path = MessageViewModel.swift; sourceTree = "<group>"; };
		DA8357B72457F04300F58C05 /* Constatns.swift */ = {isa = PBXFileReference; lastKnownFileType = sourcecode.swift; path = Constatns.swift; sourceTree = "<group>"; };
		DAA2604224519A0F00F621A0 /* dustinChat.app */ = {isa = PBXFileReference; explicitFileType = wrapper.application; includeInIndex = 0; path = dustinChat.app; sourceTree = BUILT_PRODUCTS_DIR; };
		DAA2604524519A0F00F621A0 /* AppDelegate.swift */ = {isa = PBXFileReference; lastKnownFileType = sourcecode.swift; path = AppDelegate.swift; sourceTree = "<group>"; };
		DAA2604724519A0F00F621A0 /* SceneDelegate.swift */ = {isa = PBXFileReference; lastKnownFileType = sourcecode.swift; path = SceneDelegate.swift; sourceTree = "<group>"; };
		DAA2604924519A0F00F621A0 /* ViewController.swift */ = {isa = PBXFileReference; lastKnownFileType = sourcecode.swift; path = ViewController.swift; sourceTree = "<group>"; };
		DAA2604C24519A0F00F621A0 /* Base */ = {isa = PBXFileReference; lastKnownFileType = file.storyboard; name = Base; path = Base.lproj/Main.storyboard; sourceTree = "<group>"; };
		DAA2604F24519A0F00F621A0 /* dustinChat.xcdatamodel */ = {isa = PBXFileReference; lastKnownFileType = wrapper.xcdatamodel; path = dustinChat.xcdatamodel; sourceTree = "<group>"; };
		DAA2605124519A1000F621A0 /* Assets.xcassets */ = {isa = PBXFileReference; lastKnownFileType = folder.assetcatalog; path = Assets.xcassets; sourceTree = "<group>"; };
		DAA2605424519A1000F621A0 /* Base */ = {isa = PBXFileReference; lastKnownFileType = file.storyboard; name = Base; path = Base.lproj/LaunchScreen.storyboard; sourceTree = "<group>"; };
		DAA2605624519A1000F621A0 /* Info.plist */ = {isa = PBXFileReference; lastKnownFileType = text.plist.xml; path = Info.plist; sourceTree = "<group>"; };
		F880C87B600260B14E2851EA /* Pods-dustinChat.release.xcconfig */ = {isa = PBXFileReference; includeInIndex = 1; lastKnownFileType = text.xcconfig; name = "Pods-dustinChat.release.xcconfig"; path = "Target Support Files/Pods-dustinChat/Pods-dustinChat.release.xcconfig"; sourceTree = "<group>"; };
/* End PBXFileReference section */

/* Begin PBXFrameworksBuildPhase section */
		DAA2603F24519A0F00F621A0 /* Frameworks */ = {
			isa = PBXFrameworksBuildPhase;
			buildActionMask = 2147483647;
			files = (
				73E97492AFC7FE42E1385128 /* Pods_dustinChat.framework in Frameworks */,
			);
			runOnlyForDeploymentPostprocessing = 0;
		};
/* End PBXFrameworksBuildPhase section */

/* Begin PBXGroup section */
		D44AC91B14AFE6D4595FFEBF /* Frameworks */ = {
			isa = PBXGroup;
			children = (
				BECEDB409DCA9E5B1C2CD6B3 /* Pods_dustinChat.framework */,
			);
			name = Frameworks;
			sourceTree = "<group>";
		};
		DA4CDC6624519A2000EF83A6 /* API */ = {
			isa = PBXGroup;
			children = (
				DA6B8E2D2453CD0100913BCA /* AuthService.swift */,
				DA8357AB2456BE6700F58C05 /* Service.swift */,
			);
			path = API;
			sourceTree = "<group>";
		};
		DA4CDC6824519A2D00EF83A6 /* Controller */ = {
			isa = PBXGroup;
			children = (
				DA4CDC702451A25400EF83A6 /* Authentication */,
				DA4CDC6E24519ADD00EF83A6 /* ConversationController.swift */,
				DA8357A52456B6D800F58C05 /* NewMessageController.swift */,
				DA8357AD2456C8B100F58C05 /* ChatController.swift */,
				DA7F98A824595B310006A2E4 /* profileController.swift */,
			);
			path = Controller;
			sourceTree = "<group>";
		};
		DA4CDC6924519A2F00EF83A6 /* ViewModel */ = {
			isa = PBXGroup;
			children = (
				DA56C8332452E6410075C9C0 /* LoginViewModel.swift */,
				DA56C8352452EE900075C9C0 /* RegisterationViewModel.swift */,
				DA8357B52457C9D000F58C05 /* MessageViewModel.swift */,
				DA7F98A62459584C0006A2E4 /* ConversationViewModel.swift */,
				DA67F7C324596ADB008A6871 /* ProfileViewModel.swift */,
			);
			path = ViewModel;
			sourceTree = "<group>";
		};
		DA4CDC6A24519A3300EF83A6 /* View */ = {
			isa = PBXGroup;
			children = (
				DA24E97B245285E100E802A4 /* InputContainerView.swift */,
				DA24E97D24528A0A00E802A4 /* CustomTextField.swift */,
				DA8357A72456BA4000F58C05 /* UserCell.swift */,
				DA8357AF2456CD8E00F58C05 /* CustomInputAccessroyView.swift */,
				DA8357B12457C13700F58C05 /* MessageCell.swift */,
				DA7F98A4245951DF0006A2E4 /* ConversationCell.swift */,
				DA67F7C124595CEA008A6871 /* profileHeader.swift */,
				DA67F7C524596C32008A6871 /* ProfileCell.swift */,
				DA67F7C724597350008A6871 /* ProfileFooter.swift */,
			);
			path = View;
			sourceTree = "<group>";
		};
		DA4CDC6C24519A3D00EF83A6 /* Model */ = {
			isa = PBXGroup;
			children = (
				DA8357A92456BE0100F58C05 /* User.swift */,
				DA8357B32457C4F000F58C05 /* Message.swift */,
			);
			path = Model;
			sourceTree = "<group>";
		};
		DA4CDC6D24519AC700EF83A6 /* Utils */ = {
			isa = PBXGroup;
			children = (
				DA4CDC752451A4BC00EF83A6 /* Extension.swift */,
				DA8357B72457F04300F58C05 /* Constatns.swift */,
			);
			path = Utils;
			sourceTree = "<group>";
		};
		DA4CDC702451A25400EF83A6 /* Authentication */ = {
			isa = PBXGroup;
			children = (
				DA4CDC712451A26500EF83A6 /* LoginController.swift */,
				DA4CDC732451A29700EF83A6 /* RegisterationController.swift */,
			);
			path = Authentication;
			sourceTree = "<group>";
		};
		DAA2603924519A0F00F621A0 = {
			isa = PBXGroup;
			children = (
				DAA2604424519A0F00F621A0 /* dustinChat */,
				DAA2604324519A0F00F621A0 /* Products */,
				E3793C041047BC42F553C29A /* Pods */,
				D44AC91B14AFE6D4595FFEBF /* Frameworks */,
			);
			sourceTree = "<group>";
		};
		DAA2604324519A0F00F621A0 /* Products */ = {
			isa = PBXGroup;
			children = (
				DAA2604224519A0F00F621A0 /* dustinChat.app */,
			);
			name = Products;
			sourceTree = "<group>";
		};
		DAA2604424519A0F00F621A0 /* dustinChat */ = {
			isa = PBXGroup;
			children = (
				DA4CDC6D24519AC700EF83A6 /* Utils */,
				DA4CDC6C24519A3D00EF83A6 /* Model */,
				DA4CDC6A24519A3300EF83A6 /* View */,
				DA4CDC6924519A2F00EF83A6 /* ViewModel */,
				DA4CDC6824519A2D00EF83A6 /* Controller */,
				DA4CDC6624519A2000EF83A6 /* API */,
				DAA2604524519A0F00F621A0 /* AppDelegate.swift */,
				DAA2604724519A0F00F621A0 /* SceneDelegate.swift */,
				DAA2604924519A0F00F621A0 /* ViewController.swift */,
				DAA2604B24519A0F00F621A0 /* Main.storyboard */,
				DAA2605124519A1000F621A0 /* Assets.xcassets */,
				DAA2605324519A1000F621A0 /* LaunchScreen.storyboard */,
				DA56C8372452FCF80075C9C0 /* GoogleService-Info.plist */,
				DAA2605624519A1000F621A0 /* Info.plist */,
				DAA2604E24519A0F00F621A0 /* dustinChat.xcdatamodeld */,
			);
			path = dustinChat;
			sourceTree = "<group>";
		};
		E3793C041047BC42F553C29A /* Pods */ = {
			isa = PBXGroup;
			children = (
				551DF5C2C5C4D1A6FA490668 /* Pods-dustinChat.debug.xcconfig */,
				F880C87B600260B14E2851EA /* Pods-dustinChat.release.xcconfig */,
			);
			path = Pods;
			sourceTree = "<group>";
		};
/* End PBXGroup section */

/* Begin PBXNativeTarget section */
		DAA2604124519A0F00F621A0 /* dustinChat */ = {
			isa = PBXNativeTarget;
			buildConfigurationList = DAA2605924519A1000F621A0 /* Build configuration list for PBXNativeTarget "dustinChat" */;
			buildPhases = (
				A1416CB2E0EA4761DF1AE2F0 /* [CP] Check Pods Manifest.lock */,
				DAA2603E24519A0F00F621A0 /* Sources */,
				DAA2603F24519A0F00F621A0 /* Frameworks */,
				DAA2604024519A0F00F621A0 /* Resources */,
				45C8CA7500704EC2D2062A82 /* [CP] Embed Pods Frameworks */,
			);
			buildRules = (
			);
			dependencies = (
			);
			name = dustinChat;
			productName = dustinChat;
			productReference = DAA2604224519A0F00F621A0 /* dustinChat.app */;
			productType = "com.apple.product-type.application";
		};
/* End PBXNativeTarget section */

/* Begin PBXProject section */
		DAA2603A24519A0F00F621A0 /* Project object */ = {
			isa = PBXProject;
			attributes = {
				LastSwiftUpdateCheck = 1140;
				LastUpgradeCheck = 1140;
				ORGANIZATIONNAME = Dustin;
				TargetAttributes = {
					DAA2604124519A0F00F621A0 = {
						CreatedOnToolsVersion = 11.4.1;
					};
				};
			};
			buildConfigurationList = DAA2603D24519A0F00F621A0 /* Build configuration list for PBXProject "dustinChat" */;
			compatibilityVersion = "Xcode 9.3";
			developmentRegion = en;
			hasScannedForEncodings = 0;
			knownRegions = (
				en,
				Base,
			);
			mainGroup = DAA2603924519A0F00F621A0;
			productRefGroup = DAA2604324519A0F00F621A0 /* Products */;
			projectDirPath = "";
			projectRoot = "";
			targets = (
				DAA2604124519A0F00F621A0 /* dustinChat */,
			);
		};
/* End PBXProject section */

/* Begin PBXResourcesBuildPhase section */
		DAA2604024519A0F00F621A0 /* Resources */ = {
			isa = PBXResourcesBuildPhase;
			buildActionMask = 2147483647;
			files = (
				DAA2605524519A1000F621A0 /* LaunchScreen.storyboard in Resources */,
				DA56C8382452FCF80075C9C0 /* GoogleService-Info.plist in Resources */,
				DAA2605224519A1000F621A0 /* Assets.xcassets in Resources */,
				DAA2604D24519A0F00F621A0 /* Main.storyboard in Resources */,
			);
			runOnlyForDeploymentPostprocessing = 0;
		};
/* End PBXResourcesBuildPhase section */

/* Begin PBXShellScriptBuildPhase section */
		45C8CA7500704EC2D2062A82 /* [CP] Embed Pods Frameworks */ = {
			isa = PBXShellScriptBuildPhase;
			buildActionMask = 2147483647;
			files = (
			);
			inputFileListPaths = (
				"${PODS_ROOT}/Target Support Files/Pods-dustinChat/Pods-dustinChat-frameworks-${CONFIGURATION}-input-files.xcfilelist",
			);
			name = "[CP] Embed Pods Frameworks";
			outputFileListPaths = (
				"${PODS_ROOT}/Target Support Files/Pods-dustinChat/Pods-dustinChat-frameworks-${CONFIGURATION}-output-files.xcfilelist",
			);
			runOnlyForDeploymentPostprocessing = 0;
			shellPath = /bin/sh;
			shellScript = "\"${PODS_ROOT}/Target Support Files/Pods-dustinChat/Pods-dustinChat-frameworks.sh\"\n";
			showEnvVarsInLog = 0;
		};
		A1416CB2E0EA4761DF1AE2F0 /* [CP] Check Pods Manifest.lock */ = {
			isa = PBXShellScriptBuildPhase;
			buildActionMask = 2147483647;
			files = (
			);
			inputFileListPaths = (
			);
			inputPaths = (
				"${PODS_PODFILE_DIR_PATH}/Podfile.lock",
				"${PODS_ROOT}/Manifest.lock",
			);
			name = "[CP] Check Pods Manifest.lock";
			outputFileListPaths = (
			);
			outputPaths = (
				"$(DERIVED_FILE_DIR)/Pods-dustinChat-checkManifestLockResult.txt",
			);
			runOnlyForDeploymentPostprocessing = 0;
			shellPath = /bin/sh;
			shellScript = "diff \"${PODS_PODFILE_DIR_PATH}/Podfile.lock\" \"${PODS_ROOT}/Manifest.lock\" > /dev/null\nif [ $? != 0 ] ; then\n    # print error to STDERR\n    echo \"error: The sandbox is not in sync with the Podfile.lock. Run 'pod install' or update your CocoaPods installation.\" >&2\n    exit 1\nfi\n# This output is used by Xcode 'outputs' to avoid re-running this script phase.\necho \"SUCCESS\" > \"${SCRIPT_OUTPUT_FILE_0}\"\n";
			showEnvVarsInLog = 0;
		};
/* End PBXShellScriptBuildPhase section */

/* Begin PBXSourcesBuildPhase section */
		DAA2603E24519A0F00F621A0 /* Sources */ = {
			isa = PBXSourcesBuildPhase;
			buildActionMask = 2147483647;
			files = (
				DA67F7C224595CEA008A6871 /* profileHeader.swift in Sources */,
				DA8357B62457C9D000F58C05 /* MessageViewModel.swift in Sources */,
				DAA2604A24519A0F00F621A0 /* ViewController.swift in Sources */,
				DA8357B22457C13700F58C05 /* MessageCell.swift in Sources */,
				DA4CDC722451A26500EF83A6 /* LoginController.swift in Sources */,
				DA56C8342452E6410075C9C0 /* LoginViewModel.swift in Sources */,
				DA67F7C424596ADB008A6871 /* ProfileViewModel.swift in Sources */,
				DA7F98A72459584C0006A2E4 /* ConversationViewModel.swift in Sources */,
				DA8357B82457F04300F58C05 /* Constatns.swift in Sources */,
				DA56C8362452EE900075C9C0 /* RegisterationViewModel.swift in Sources */,
				DA8357AA2456BE0100F58C05 /* User.swift in Sources */,
				DA8357B42457C4F000F58C05 /* Message.swift in Sources */,
				DA8357A62456B6D800F58C05 /* NewMessageController.swift in Sources */,
				DA4CDC6F24519ADD00EF83A6 /* ConversationController.swift in Sources */,
				DAA2604624519A0F00F621A0 /* AppDelegate.swift in Sources */,
				DA6B8E2E2453CD0100913BCA /* AuthService.swift in Sources */,
				DA8357A82456BA4000F58C05 /* UserCell.swift in Sources */,
				DA24E97E24528A0A00E802A4 /* CustomTextField.swift in Sources */,
				DA8357AC2456BE6700F58C05 /* Service.swift in Sources */,
				DA7F98A924595B310006A2E4 /* profileController.swift in Sources */,
				DA24E97C245285E100E802A4 /* InputContainerView.swift in Sources */,
				DA8357B02456CD8E00F58C05 /* CustomInputAccessroyView.swift in Sources */,
				DA4CDC742451A29700EF83A6 /* RegisterationController.swift in Sources */,
				DAA2605024519A0F00F621A0 /* dustinChat.xcdatamodeld in Sources */,
				DA7F98A5245951DF0006A2E4 /* ConversationCell.swift in Sources */,
				DA67F7C824597350008A6871 /* ProfileFooter.swift in Sources */,
				DAA2604824519A0F00F621A0 /* SceneDelegate.swift in Sources */,
				DA4CDC762451A4BC00EF83A6 /* Extension.swift in Sources */,
				DA67F7C624596C32008A6871 /* ProfileCell.swift in Sources */,
				DA8357AE2456C8B100F58C05 /* ChatController.swift in Sources */,
			);
			runOnlyForDeploymentPostprocessing = 0;
		};
/* End PBXSourcesBuildPhase section */

/* Begin PBXVariantGroup section */
		DAA2604B24519A0F00F621A0 /* Main.storyboard */ = {
			isa = PBXVariantGroup;
			children = (
				DAA2604C24519A0F00F621A0 /* Base */,
			);
			name = Main.storyboard;
			sourceTree = "<group>";
		};
		DAA2605324519A1000F621A0 /* LaunchScreen.storyboard */ = {
			isa = PBXVariantGroup;
			children = (
				DAA2605424519A1000F621A0 /* Base */,
			);
			name = LaunchScreen.storyboard;
			sourceTree = "<group>";
		};
/* End PBXVariantGroup section */

/* Begin XCBuildConfiguration section */
		DAA2605724519A1000F621A0 /* Debug */ = {
			isa = XCBuildConfiguration;
			buildSettings = {
				ALWAYS_SEARCH_USER_PATHS = NO;
				CLANG_ANALYZER_NONNULL = YES;
				CLANG_ANALYZER_NUMBER_OBJECT_CONVERSION = YES_AGGRESSIVE;
				CLANG_CXX_LANGUAGE_STANDARD = "gnu++14";
				CLANG_CXX_LIBRARY = "libc++";
				CLANG_ENABLE_MODULES = YES;
				CLANG_ENABLE_OBJC_ARC = YES;
				CLANG_ENABLE_OBJC_WEAK = YES;
				CLANG_WARN_BLOCK_CAPTURE_AUTORELEASING = YES;
				CLANG_WARN_BOOL_CONVERSION = YES;
				CLANG_WARN_COMMA = YES;
				CLANG_WARN_CONSTANT_CONVERSION = YES;
				CLANG_WARN_DEPRECATED_OBJC_IMPLEMENTATIONS = YES;
				CLANG_WARN_DIRECT_OBJC_ISA_USAGE = YES_ERROR;
				CLANG_WARN_DOCUMENTATION_COMMENTS = YES;
				CLANG_WARN_EMPTY_BODY = YES;
				CLANG_WARN_ENUM_CONVERSION = YES;
				CLANG_WARN_INFINITE_RECURSION = YES;
				CLANG_WARN_INT_CONVERSION = YES;
				CLANG_WARN_NON_LITERAL_NULL_CONVERSION = YES;
				CLANG_WARN_OBJC_IMPLICIT_RETAIN_SELF = YES;
				CLANG_WARN_OBJC_LITERAL_CONVERSION = YES;
				CLANG_WARN_OBJC_ROOT_CLASS = YES_ERROR;
				CLANG_WARN_RANGE_LOOP_ANALYSIS = YES;
				CLANG_WARN_STRICT_PROTOTYPES = YES;
				CLANG_WARN_SUSPICIOUS_MOVE = YES;
				CLANG_WARN_UNGUARDED_AVAILABILITY = YES_AGGRESSIVE;
				CLANG_WARN_UNREACHABLE_CODE = YES;
				CLANG_WARN__DUPLICATE_METHOD_MATCH = YES;
				COPY_PHASE_STRIP = NO;
				DEBUG_INFORMATION_FORMAT = dwarf;
				ENABLE_STRICT_OBJC_MSGSEND = YES;
				ENABLE_TESTABILITY = YES;
				GCC_C_LANGUAGE_STANDARD = gnu11;
				GCC_DYNAMIC_NO_PIC = NO;
				GCC_NO_COMMON_BLOCKS = YES;
				GCC_OPTIMIZATION_LEVEL = 0;
				GCC_PREPROCESSOR_DEFINITIONS = (
					"DEBUG=1",
					"$(inherited)",
				);
				GCC_WARN_64_TO_32_BIT_CONVERSION = YES;
				GCC_WARN_ABOUT_RETURN_TYPE = YES_ERROR;
				GCC_WARN_UNDECLARED_SELECTOR = YES;
				GCC_WARN_UNINITIALIZED_AUTOS = YES_AGGRESSIVE;
				GCC_WARN_UNUSED_FUNCTION = YES;
				GCC_WARN_UNUSED_VARIABLE = YES;
				IPHONEOS_DEPLOYMENT_TARGET = 13.4;
				MTL_ENABLE_DEBUG_INFO = INCLUDE_SOURCE;
				MTL_FAST_MATH = YES;
				ONLY_ACTIVE_ARCH = YES;
				SDKROOT = iphoneos;
				SWIFT_ACTIVE_COMPILATION_CONDITIONS = DEBUG;
				SWIFT_OPTIMIZATION_LEVEL = "-Onone";
			};
			name = Debug;
		};
		DAA2605824519A1000F621A0 /* Release */ = {
			isa = XCBuildConfiguration;
			buildSettings = {
				ALWAYS_SEARCH_USER_PATHS = NO;
				CLANG_ANALYZER_NONNULL = YES;
				CLANG_ANALYZER_NUMBER_OBJECT_CONVERSION = YES_AGGRESSIVE;
				CLANG_CXX_LANGUAGE_STANDARD = "gnu++14";
				CLANG_CXX_LIBRARY = "libc++";
				CLANG_ENABLE_MODULES = YES;
				CLANG_ENABLE_OBJC_ARC = YES;
				CLANG_ENABLE_OBJC_WEAK = YES;
				CLANG_WARN_BLOCK_CAPTURE_AUTORELEASING = YES;
				CLANG_WARN_BOOL_CONVERSION = YES;
				CLANG_WARN_COMMA = YES;
				CLANG_WARN_CONSTANT_CONVERSION = YES;
				CLANG_WARN_DEPRECATED_OBJC_IMPLEMENTATIONS = YES;
				CLANG_WARN_DIRECT_OBJC_ISA_USAGE = YES_ERROR;
				CLANG_WARN_DOCUMENTATION_COMMENTS = YES;
				CLANG_WARN_EMPTY_BODY = YES;
				CLANG_WARN_ENUM_CONVERSION = YES;
				CLANG_WARN_INFINITE_RECURSION = YES;
				CLANG_WARN_INT_CONVERSION = YES;
				CLANG_WARN_NON_LITERAL_NULL_CONVERSION = YES;
				CLANG_WARN_OBJC_IMPLICIT_RETAIN_SELF = YES;
				CLANG_WARN_OBJC_LITERAL_CONVERSION = YES;
				CLANG_WARN_OBJC_ROOT_CLASS = YES_ERROR;
				CLANG_WARN_RANGE_LOOP_ANALYSIS = YES;
				CLANG_WARN_STRICT_PROTOTYPES = YES;
				CLANG_WARN_SUSPICIOUS_MOVE = YES;
				CLANG_WARN_UNGUARDED_AVAILABILITY = YES_AGGRESSIVE;
				CLANG_WARN_UNREACHABLE_CODE = YES;
				CLANG_WARN__DUPLICATE_METHOD_MATCH = YES;
				COPY_PHASE_STRIP = NO;
				DEBUG_INFORMATION_FORMAT = "dwarf-with-dsym";
				ENABLE_NS_ASSERTIONS = NO;
				ENABLE_STRICT_OBJC_MSGSEND = YES;
				GCC_C_LANGUAGE_STANDARD = gnu11;
				GCC_NO_COMMON_BLOCKS = YES;
				GCC_WARN_64_TO_32_BIT_CONVERSION = YES;
				GCC_WARN_ABOUT_RETURN_TYPE = YES_ERROR;
				GCC_WARN_UNDECLARED_SELECTOR = YES;
				GCC_WARN_UNINITIALIZED_AUTOS = YES_AGGRESSIVE;
				GCC_WARN_UNUSED_FUNCTION = YES;
				GCC_WARN_UNUSED_VARIABLE = YES;
				IPHONEOS_DEPLOYMENT_TARGET = 13.4;
				MTL_ENABLE_DEBUG_INFO = NO;
				MTL_FAST_MATH = YES;
				SDKROOT = iphoneos;
				SWIFT_COMPILATION_MODE = wholemodule;
				SWIFT_OPTIMIZATION_LEVEL = "-O";
				VALIDATE_PRODUCT = YES;
			};
			name = Release;
		};
		DAA2605A24519A1000F621A0 /* Debug */ = {
			isa = XCBuildConfiguration;
			baseConfigurationReference = 551DF5C2C5C4D1A6FA490668 /* Pods-dustinChat.debug.xcconfig */;
			buildSettings = {
				ASSETCATALOG_COMPILER_APPICON_NAME = AppIcon;
				CODE_SIGN_STYLE = Automatic;
				DEVELOPMENT_TEAM = 3VT454RG8M;
				INFOPLIST_FILE = dustinChat/Info.plist;
				LD_RUNPATH_SEARCH_PATHS = (
					"$(inherited)",
					"@executable_path/Frameworks",
				);
				PRODUCT_BUNDLE_IDENTIFIER = com.Dustin.dustinChat;
				PRODUCT_NAME = "$(TARGET_NAME)";
				SWIFT_VERSION = 5.0;
				TARGETED_DEVICE_FAMILY = "1,2";
			};
			name = Debug;
		};
		DAA2605B24519A1000F621A0 /* Release */ = {
			isa = XCBuildConfiguration;
			baseConfigurationReference = F880C87B600260B14E2851EA /* Pods-dustinChat.release.xcconfig */;
			buildSettings = {
				ASSETCATALOG_COMPILER_APPICON_NAME = AppIcon;
				CODE_SIGN_STYLE = Automatic;
				DEVELOPMENT_TEAM = 3VT454RG8M;
				INFOPLIST_FILE = dustinChat/Info.plist;
				LD_RUNPATH_SEARCH_PATHS = (
					"$(inherited)",
					"@executable_path/Frameworks",
				);
				PRODUCT_BUNDLE_IDENTIFIER = com.Dustin.dustinChat;
				PRODUCT_NAME = "$(TARGET_NAME)";
				SWIFT_VERSION = 5.0;
				TARGETED_DEVICE_FAMILY = "1,2";
			};
			name = Release;
		};
/* End XCBuildConfiguration section */

/* Begin XCConfigurationList section */
		DAA2603D24519A0F00F621A0 /* Build configuration list for PBXProject "dustinChat" */ = {
			isa = XCConfigurationList;
			buildConfigurations = (
				DAA2605724519A1000F621A0 /* Debug */,
				DAA2605824519A1000F621A0 /* Release */,
			);
			defaultConfigurationIsVisible = 0;
			defaultConfigurationName = Release;
		};
		DAA2605924519A1000F621A0 /* Build configuration list for PBXNativeTarget "dustinChat" */ = {
			isa = XCConfigurationList;
			buildConfigurations = (
				DAA2605A24519A1000F621A0 /* Debug */,
				DAA2605B24519A1000F621A0 /* Release */,
			);
			defaultConfigurationIsVisible = 0;
			defaultConfigurationName = Release;
		};
/* End XCConfigurationList section */

/* Begin XCVersionGroup section */
		DAA2604E24519A0F00F621A0 /* dustinChat.xcdatamodeld */ = {
			isa = XCVersionGroup;
			children = (
				DAA2604F24519A0F00F621A0 /* dustinChat.xcdatamodel */,
			);
			currentVersion = DAA2604F24519A0F00F621A0 /* dustinChat.xcdatamodel */;
			path = dustinChat.xcdatamodeld;
			sourceTree = "<group>";
			versionGroupType = wrapper.xcdatamodel;
		};
/* End XCVersionGroup section */
	};
	rootObject = DAA2603A24519A0F00F621A0 /* Project object */;
}
